
Microsoft Visual Studio Solution File, Format Version 12.00
# Visual Studio 2012
Project("{8BC9CEB8-8B4A-11D0-8D11-00A0C91BC942}") = "Profiles", "Profiles.vcxproj", "{6C3F2572-6C9E-4349-A7FE-351FFF541A7A}"
EndProject
Global
	GlobalSection(SolutionConfigurationPlatforms) = preSolution
		Debug|Win32 = Debug|Win32
		Release|Win32 = Release|Win32
	EndGlobalSection
	GlobalSection(ProjectConfigurationPlatforms) = postSolution
		{6C3F2572-6C9E-4349-A7FE-351FFF541A7A}.Debug|Win32.ActiveCfg = Debug|Win32
		{6C3F2572-6C9E-4349-A7FE-351FFF541A7A}.Debug|Win32.Build.0 = Debug|Win32
		{6C3F2572-6C9E-4349-A7FE-351FFF541A7A}.Release|Win32.ActiveCfg = Release|Win32
		{6C3F2572-6C9E-4349-A7FE-351FFF541A7A}.Release|Win32.Build.0 = Release|Win32
	EndGlobalSection
	GlobalSection(SolutionProperties) = preSolution
		HideSolutionNode = FALSE
	EndGlobalSection
EndGlobal
